{
  "name": "react-native-af-video-player",
  "version": "0.2.1",
  "lockfileVersion": 1,
  "requires": true,
  "dependencies": {
    "react-native-text-ticker": {
      "version": "0.14.0",
      "resolved": "https://registry.npmjs.org/react-native-text-ticker/-/react-native-text-ticker-0.14.0.tgz",
      "integrity": "sha512-horVEo8PNRszww9/VlYBHVPZOYLcLotM5gMBII1xj2M1tgI27Gf5x0d6iLLDHGXSQnUfDMGtXrlyhTEx9IN+Dw=="
    }
  }
}
